[[package]]
name = "ascii"
version = "0.9.1"
source = "registry+https://github.com/rust-lang/crates.io-index"

[[package]]
name = "byteorder"
version = "1.3.1"
source = "registry+https://github.com/rust-lang/crates.io-index"

[[package]]
name = "cfg-if"
version = "0.1.7"
source = "registry+https://github.com/rust-lang/crates.io-index"

[[package]]
name = "combine"
version = "3.8.1"
source = "registry+https://github.com/rust-lang/crates.io-index"
dependencies = [
 "ascii 0.9.1 (registry+https://github.com/rust-lang/crates.io-index)",
 "byteorder 1.3.1 (registry+https://github.com/rust-lang/crates.io-index)",
 "either 1.5.1 (registry+https://github.com/rust-lang/crates.io-index)",
 "memchr 2.2.0 (registry+https://github.com/rust-lang/crates.io-index)",
 "unreachable 1.0.0 (registry+https://github.com/rust-lang/crates.io-index)",
]

[[package]]
name = "either"
version = "1.5.1"
source = "registry+https://github.com/rust-lang/crates.io-index"

[[package]]
name = "log"
version = "0.4.6"
source = "registry+https://github.com/rust-lang/crates.io-index"
dependencies = [
 "cfg-if 0.1.7 (registry+https://github.com/rust-lang/crates.io-index)",
]

[[package]]
name = "memchr"
version = "2.2.0"
source = "registry+https://github.com/rust-lang/crates.io-index"

[[package]]
name = "ress"
version = "0.6.3"
source = "registry+https://github.com/rust-lang/crates.io-index"
dependencies = [
 "combine 3.8.1 (registry+https://github.com/rust-lang/crates.io-index)",
 "log 0.4.6 (registry+https://github.com/rust-lang/crates.io-index)",
 "unic-ucd-ident 0.7.0 (registry+https://github.com/rust-lang/crates.io-index)",
]

[[package]]
name = "scanners_example"
version = "0.1.0"
dependencies = [
 "ress 0.6.3 (registry+https://github.com/rust-lang/crates.io-index)",
]

[[package]]
name = "unic-char-property"
version = "0.7.0"
source = "registry+https://github.com/rust-lang/crates.io-index"
dependencies = [
 "unic-char-range 0.7.0 (registry+https://github.com/rust-lang/crates.io-index)",
]

[[package]]
name = "unic-char-range"
version = "0.7.0"
source = "registry+https://github.com/rust-lang/crates.io-index"

[[package]]
name = "unic-common"
version = "0.7.0"
source = "registry+https://github.com/rust-lang/crates.io-index"

[[package]]
name = "unic-ucd-ident"
version = "0.7.0"
source = "registry+https://github.com/rust-lang/crates.io-index"
dependencies = [
 "unic-char-property 0.7.0 (registry+https://github.com/rust-lang/crates.io-index)",
 "unic-char-range 0.7.0 (registry+https://github.com/rust-lang/crates.io-index)",
 "unic-ucd-version 0.7.0 (registry+https://github.com/rust-lang/crates.io-index)",
]

[[package]]
name = "unic-ucd-version"
version = "0.7.0"
source = "registry+https://github.com/rust-lang/crates.io-index"
dependencies = [
 "unic-common 0.7.0 (registry+https://github.com/rust-lang/crates.io-index)",
]

[[package]]
name = "unreachable"
version = "1.0.0"
source = "registry+https://github.com/rust-lang/crates.io-index"
dependencies = [
 "void 1.0.2 (registry+https://github.com/rust-lang/crates.io-index)",
]

[[package]]
name = "void"
version = "1.0.2"
source = "registry+https://github.com/rust-lang/crates.io-index"

[metadata]
"checksum ascii 0.9.1 (registry+https://github.com/rust-lang/crates.io-index)" = "a5fc969a8ce2c9c0c4b0429bb8431544f6658283c8326ba5ff8c762b75369335"
"checksum byteorder 1.3.1 (registry+https://github.com/rust-lang/crates.io-index)" = "a019b10a2a7cdeb292db131fc8113e57ea2a908f6e7894b0c3c671893b65dbeb"
"checksum cfg-if 0.1.7 (registry+https://github.com/rust-lang/crates.io-index)" = "11d43355396e872eefb45ce6342e4374ed7bc2b3a502d1b28e36d6e23c05d1f4"
"checksum combine 3.8.1 (registry+https://github.com/rust-lang/crates.io-index)" = "da3da6baa321ec19e1cc41d31bf599f00c783d0517095cdaf0332e3fe8d20680"
"checksum either 1.5.1 (registry+https://github.com/rust-lang/crates.io-index)" = "c67353c641dc847124ea1902d69bd753dee9bb3beff9aa3662ecf86c971d1fac"
"checksum log 0.4.6 (registry+https://github.com/rust-lang/crates.io-index)" = "c84ec4b527950aa83a329754b01dbe3f58361d1c5efacd1f6d68c494d08a17c6"
"checksum memchr 2.2.0 (registry+https://github.com/rust-lang/crates.io-index)" = "2efc7bc57c883d4a4d6e3246905283d8dae951bb3bd32f49d6ef297f546e1c39"
"checksum ress 0.6.3 (registry+https://github.com/rust-lang/crates.io-index)" = "c18e721cbf55ba0d9581221c32c13671c140a8dd6e7ac97f57bf64d5f8c7f3a6"
"checksum unic-char-property 0.7.0 (registry+https://github.com/rust-lang/crates.io-index)" = "ce36d3f7ce754afdbccccf8ff0dd0134e50fb44aaae579f96218856e9e5dbd1e"
"checksum unic-char-range 0.7.0 (registry+https://github.com/rust-lang/crates.io-index)" = "d9ab85fab42ad1b26cafc03bf891f69cb4d6e15f491030e89a0122197baa8ae8"
"checksum unic-common 0.7.0 (registry+https://github.com/rust-lang/crates.io-index)" = "ff8d4a7ade929ef7d971e16ced21a8cd56a63869aa6032dfb8cb083cf7d077bf"
"checksum unic-ucd-ident 0.7.0 (registry+https://github.com/rust-lang/crates.io-index)" = "5e197067fc6822c146043faaa5dc54a31e5b6c53e65f06407a95b78ad52758f6"
"checksum unic-ucd-version 0.7.0 (registry+https://github.com/rust-lang/crates.io-index)" = "cf1f5e6c6c53c2d0ece4a5964bc55fcff8602153063cb4fab20958ff32998ff6"
"checksum unreachable 1.0.0 (registry+https://github.com/rust-lang/crates.io-index)" = "382810877fe448991dfc7f0dd6e3ae5d58088fd0ea5e35189655f84e6814fa56"
"checksum void 1.0.2 (registry+https://github.com/rust-lang/crates.io-index)" = "6a02e4885ed3bc0f2de90ea6dd45ebcbb66dacffe03547fadbb0eeae2770887d"
